
Microsoft Visual Studio Solution File, Format Version 11.00
# Visual Studio 2010
Project("{FAE04EC0-301F-11D3-BF4B-00C04F79EFBC}") = "Ink-Libraries", "Ink-Libraries.csproj", "{0bf7973b-ec47-3c2e-6b63-f4023e4d24b3}"
EndProject
Project("{FAE04EC0-301F-11D3-BF4B-00C04F79EFBC}") = "Assembly-CSharp", "Assembly-CSharp.csproj", "{420be65a-5519-5c4d-84b1-4e69dd10e37e}"
EndProject
Project("{FAE04EC0-301F-11D3-BF4B-00C04F79EFBC}") = "InkEditor", "InkEditor.csproj", "{42159264-7dc7-526e-171b-b9c401d35021}"
EndProject
Project("{FAE04EC0-301F-11D3-BF4B-00C04F79EFBC}") = "Assembly-CSharp-Editor", "Assembly-CSharp-Editor.csproj", "{9b46623a-9269-885b-00b5-306be0f21f10}"
EndProject
Global
	GlobalSection(SolutionConfigurationPlatforms) = preSolution
		Debug|Any CPU = Debug|Any CPU
	EndGlobalSection
	GlobalSection(ProjectConfigurationPlatforms) = postSolution
		{0bf7973b-ec47-3c2e-6b63-f4023e4d24b3}.Debug|Any CPU.ActiveCfg = Debug|Any CPU
		{0bf7973b-ec47-3c2e-6b63-f4023e4d24b3}.Debug|Any CPU.Build.0 = Debug|Any CPU
		{420be65a-5519-5c4d-84b1-4e69dd10e37e}.Debug|Any CPU.ActiveCfg = Debug|Any CPU
		{420be65a-5519-5c4d-84b1-4e69dd10e37e}.Debug|Any CPU.Build.0 = Debug|Any CPU
		{42159264-7dc7-526e-171b-b9c401d35021}.Debug|Any CPU.ActiveCfg = Debug|Any CPU
		{42159264-7dc7-526e-171b-b9c401d35021}.Debug|Any CPU.Build.0 = Debug|Any CPU
		{9b46623a-9269-885b-00b5-306be0f21f10}.Debug|Any CPU.ActiveCfg = Debug|Any CPU
		{9b46623a-9269-885b-00b5-306be0f21f10}.Debug|Any CPU.Build.0 = Debug|Any CPU
	EndGlobalSection
	GlobalSection(SolutionProperties) = preSolution
		HideSolutionNode = FALSE
	EndGlobalSection
EndGlobal
